Microsoft Visual Studio Solution File, Format Version 11.00
# Visual Studio 2008

Project("{715892AE-AE38-D12A-A79F-585B4861E968}") = "Spotlight", "Assembly-CSharp.csproj", "{EB1AF64E-5065-C82C-F435-BCF575AAEF01}"
EndProject
Project("{715892AE-AE38-D12A-A79F-585B4861E968}") = "Spotlight", "Assembly-CSharp-Editor.csproj", "{27856A33-7A99-E301-8411-F75F06302A10}"
EndProject
Global
	GlobalSection(SolutionConfigurationPlatforms) = preSolution
		Debug|Any CPU = Debug|Any CPU
		Release|Any CPU = Release|Any CPU
	EndGlobalSection
	GlobalSection(ProjectConfigurationPlatforms) = postSolution
		{EB1AF64E-5065-C82C-F435-BCF575AAEF01}.Debug|Any CPU.ActiveCfg = Debug|Any CPU
		{EB1AF64E-5065-C82C-F435-BCF575AAEF01}.Debug|Any CPU.Build.0 = Debug|Any CPU
		{EB1AF64E-5065-C82C-F435-BCF575AAEF01}.Release|Any CPU.ActiveCfg = Release|Any CPU
		{EB1AF64E-5065-C82C-F435-BCF575AAEF01}.Release|Any CPU.Build.0 = Release|Any CPU
		{27856A33-7A99-E301-8411-F75F06302A10}.Debug|Any CPU.ActiveCfg = Debug|Any CPU
		{27856A33-7A99-E301-8411-F75F06302A10}.Debug|Any CPU.Build.0 = Debug|Any CPU
		{27856A33-7A99-E301-8411-F75F06302A10}.Release|Any CPU.ActiveCfg = Release|Any CPU
		{27856A33-7A99-E301-8411-F75F06302A10}.Release|Any CPU.Build.0 = Release|Any CPU
	EndGlobalSection
	GlobalSection(SolutionProperties) = preSolution
		HideSolutionNode = FALSE
	EndGlobalSection
	GlobalSection(MonoDevelopProperties) = preSolution
		StartupItem = Assembly-CSharp.csproj
	EndGlobalSection
EndGlobal
